// !$*UTF8*$!
{
	archiveVersion = 1;
	classes = {
	};
	objectVersion = 46;
	objects = {

/* Begin PBXBuildFile section */
		49A54C5E1F14614A004ED630 /* LoginViewController.swift in Sources */ = {isa = PBXBuildFile; fileRef = 49A54C5D1F14614A004ED630 /* LoginViewController.swift */; };
		49BEF7B11F13211E00315863 /* AppDelegate.swift in Sources */ = {isa = PBXBuildFile; fileRef = 49BEF7B01F13211E00315863 /* AppDelegate.swift */; };
		49BEF7B31F13211E00315863 /* ViewController.swift in Sources */ = {isa = PBXBuildFile; fileRef = 49BEF7B21F13211E00315863 /* ViewController.swift */; };
		49BEF7B61F13211E00315863 /* Main.storyboard in Resources */ = {isa = PBXBuildFile; fileRef = 49BEF7B41F13211E00315863 /* Main.storyboard */; };
		49BEF7B81F13211E00315863 /* Assets.xcassets in Resources */ = {isa = PBXBuildFile; fileRef = 49BEF7B71F13211E00315863 /* Assets.xcassets */; };
		49BEF7BB1F13211E00315863 /* LaunchScreen.storyboard in Resources */ = {isa = PBXBuildFile; fileRef = 49BEF7B91F13211E00315863 /* LaunchScreen.storyboard */; };
		CE4518ACE3163876BBA21F1C /* Pods_ParseProject.framework in Frameworks */ = {isa = PBXBuildFile; fileRef = 913029779FE08739E0797968 /* Pods_ParseProject.framework */; };
/* End PBXBuildFile section */

/* Begin PBXFileReference section */
		336BC3408140B9446E7234FC /* Pods-ParseProject.debug.xcconfig */ = {isa = PBXFileReference; includeInIndex = 1; lastKnownFileType = text.xcconfig; name = "Pods-ParseProject.debug.xcconfig"; path = "Pods/Target Support Files/Pods-ParseProject/Pods-ParseProject.debug.xcconfig"; sourceTree = "<group>"; };
		43B61FBECF96B7834F55C61D /* Pods-ParseProject.release.xcconfig */ = {isa = PBXFileReference; includeInIndex = 1; lastKnownFileType = text.xcconfig; name = "Pods-ParseProject.release.xcconfig"; path = "Pods/Target Support Files/Pods-ParseProject/Pods-ParseProject.release.xcconfig"; sourceTree = "<group>"; };
		49A54C5D1F14614A004ED630 /* LoginViewController.swift */ = {isa = PBXFileReference; fileEncoding = 4; lastKnownFileType = sourcecode.swift; path = LoginViewController.swift; sourceTree = "<group>"; };
		49BEF7AD1F13211E00315863 /* ParseProject.app */ = {isa = PBXFileReference; explicitFileType = wrapper.application; includeInIndex = 0; path = ParseProject.app; sourceTree = BUILT_PRODUCTS_DIR; };
		49BEF7B01F13211E00315863 /* AppDelegate.swift */ = {isa = PBXFileReference; lastKnownFileType = sourcecode.swift; path = AppDelegate.swift; sourceTree = "<group>"; };
		49BEF7B21F13211E00315863 /* ViewController.swift */ = {isa = PBXFileReference; lastKnownFileType = sourcecode.swift; path = ViewController.swift; sourceTree = "<group>"; };
		49BEF7B51F13211E00315863 /* Base */ = {isa = PBXFileReference; lastKnownFileType = file.storyboard; name = Base; path = Base.lproj/Main.storyboard; sourceTree = "<group>"; };
		49BEF7B71F13211E00315863 /* Assets.xcassets */ = {isa = PBXFileReference; lastKnownFileType = folder.assetcatalog; path = Assets.xcassets; sourceTree = "<group>"; };
		49BEF7BA1F13211E00315863 /* Base */ = {isa = PBXFileReference; lastKnownFileType = file.storyboard; name = Base; path = Base.lproj/LaunchScreen.storyboard; sourceTree = "<group>"; };
		49BEF7BC1F13211E00315863 /* Info.plist */ = {isa = PBXFileReference; lastKnownFileType = text.plist.xml; path = Info.plist; sourceTree = "<group>"; };
		913029779FE08739E0797968 /* Pods_ParseProject.framework */ = {isa = PBXFileReference; explicitFileType = wrapper.framework; includeInIndex = 0; path = Pods_ParseProject.framework; sourceTree = BUILT_PRODUCTS_DIR; };
/* End PBXFileReference section */

/* Begin PBXFrameworksBuildPhase section */
		49BEF7AA1F13211E00315863 /* Frameworks */ = {
			isa = PBXFrameworksBuildPhase;
			buildActionMask = 2147483647;
			files = (
				CE4518ACE3163876BBA21F1C /* Pods_ParseProject.framework in Frameworks */,
			);
			runOnlyForDeploymentPostprocessing = 0;
		};
/* End PBXFrameworksBuildPhase section */

/* Begin PBXGroup section */
		01F2784A06754ACB5BFA1276 /* Pods */ = {
			isa = PBXGroup;
			children = (
				336BC3408140B9446E7234FC /* Pods-ParseProject.debug.xcconfig */,
				43B61FBECF96B7834F55C61D /* Pods-ParseProject.release.xcconfig */,
			);
			name = Pods;
			sourceTree = "<group>";
		};
		49BEF7A41F13211E00315863 = {
			isa = PBXGroup;
			children = (
				49BEF7AF1F13211E00315863 /* ParseProject */,
				49BEF7AE1F13211E00315863 /* Products */,
				01F2784A06754ACB5BFA1276 /* Pods */,
				D403973D97B9AFF2F50746D6 /* Frameworks */,
			);
			sourceTree = "<group>";
		};
		49BEF7AE1F13211E00315863 /* Products */ = {
			isa = PBXGroup;
			children = (
				49BEF7AD1F13211E00315863 /* ParseProject.app */,
			);
			name = Products;
			sourceTree = "<group>";
		};
		49BEF7AF1F13211E00315863 /* ParseProject */ = {
			isa = PBXGroup;
			children = (
				49BEF7B01F13211E00315863 /* AppDelegate.swift */,
				49A54C5D1F14614A004ED630 /* LoginViewController.swift */,
				49BEF7B21F13211E00315863 /* ViewController.swift */,
				49BEF7B41F13211E00315863 /* Main.storyboard */,
				49BEF7B71F13211E00315863 /* Assets.xcassets */,
				49BEF7B91F13211E00315863 /* LaunchScreen.storyboard */,
				49BEF7BC1F13211E00315863 /* Info.plist */,
			);
			path = ParseProject;
			sourceTree = "<group>";
		};
		D403973D97B9AFF2F50746D6 /* Frameworks */ = {
			isa = PBXGroup;
			children = (
				913029779FE08739E0797968 /* Pods_ParseProject.framework */,
			);
			name = Frameworks;
			sourceTree = "<group>";
		};
/* End PBXGroup section */

/* Begin PBXNativeTarget section */
		49BEF7AC1F13211E00315863 /* ParseProject */ = {
			isa = PBXNativeTarget;
			buildConfigurationList = 49BEF7BF1F13211E00315863 /* Build configuration list for PBXNativeTarget "ParseProject" */;
			buildPhases = (
				AF97C8D748F14E2983230388 /* [CP] Check Pods Manifest.lock */,
				49BEF7A91F13211E00315863 /* Sources */,
				49BEF7AA1F13211E00315863 /* Frameworks */,
				49BEF7AB1F13211E00315863 /* Resources */,
				9ED863FAAB084F12DB76C6DA /* [CP] Embed Pods Frameworks */,
				908CF3E0A3E961CE8713FE01 /* [CP] Copy Pods Resources */,
			);
			buildRules = (
			);
			dependencies = (
			);
			name = ParseProject;
			productName = ParseProject;
			productReference = 49BEF7AD1F13211E00315863 /* ParseProject.app */;
			productType = "com.apple.product-type.application";
		};
/* End PBXNativeTarget section */

/* Begin PBXProject section */
		49BEF7A51F13211E00315863 /* Project object */ = {
			isa = PBXProject;
			attributes = {
				LastSwiftUpdateCheck = 0830;
				LastUpgradeCheck = 0830;
				ORGANIZATIONNAME = "John Zoldos";
				TargetAttributes = {
					49BEF7AC1F13211E00315863 = {
						CreatedOnToolsVersion = 8.3.3;
						DevelopmentTeam = 4DF9P7PV7J;
						ProvisioningStyle = Automatic;
					};
				};
			};
			buildConfigurationList = 49BEF7A81F13211E00315863 /* Build configuration list for PBXProject "ParseProject" */;
			compatibilityVersion = "Xcode 3.2";
			developmentRegion = English;
			hasScannedForEncodings = 0;
			knownRegions = (
				en,
				Base,
			);
			mainGroup = 49BEF7A41F13211E00315863;
			productRefGroup = 49BEF7AE1F13211E00315863 /* Products */;
			projectDirPath = "";
			projectRoot = "";
			targets = (
				49BEF7AC1F13211E00315863 /* ParseProject */,
			);
		};
/* End PBXProject section */

/* Begin PBXResourcesBuildPhase section */
		49BEF7AB1F13211E00315863 /* Resources */ = {
			isa = PBXResourcesBuildPhase;
			buildActionMask = 2147483647;
			files = (
				49BEF7BB1F13211E00315863 /* LaunchScreen.storyboard in Resources */,
				49BEF7B81F13211E00315863 /* Assets.xcassets in Resources */,
				49BEF7B61F13211E00315863 /* Main.storyboard in Resources */,
			);
			runOnlyForDeploymentPostprocessing = 0;
		};
/* End PBXResourcesBuildPhase section */

/* Begin PBXShellScriptBuildPhase section */
		908CF3E0A3E961CE8713FE01 /* [CP] Copy Pods Resources */ = {
			isa = PBXShellScriptBuildPhase;
			buildActionMask = 2147483647;
			files = (
			);
			inputPaths = (
			);
			name = "[CP] Copy Pods Resources";
			outputPaths = (
			);
			runOnlyForDeploymentPostprocessing = 0;
			shellPath = /bin/sh;
			shellScript = "\"${SRCROOT}/Pods/Target Support Files/Pods-ParseProject/Pods-ParseProject-resources.sh\"\n";
			showEnvVarsInLog = 0;
		};
		9ED863FAAB084F12DB76C6DA /* [CP] Embed Pods Frameworks */ = {
			isa = PBXShellScriptBuildPhase;
			buildActionMask = 2147483647;
			files = (
			);
			inputPaths = (
			);
			name = "[CP] Embed Pods Frameworks";
			outputPaths = (
			);
			runOnlyForDeploymentPostprocessing = 0;
			shellPath = /bin/sh;
			shellScript = "\"${SRCROOT}/Pods/Target Support Files/Pods-ParseProject/Pods-ParseProject-frameworks.sh\"\n";
			showEnvVarsInLog = 0;
		};
		AF97C8D748F14E2983230388 /* [CP] Check Pods Manifest.lock */ = {
			isa = PBXShellScriptBuildPhase;
			buildActionMask = 2147483647;
			files = (
			);
			inputPaths = (
			);
			name = "[CP] Check Pods Manifest.lock";
			outputPaths = (
			);
			runOnlyForDeploymentPostprocessing = 0;
			shellPath = /bin/sh;
			shellScript = "diff \"${PODS_PODFILE_DIR_PATH}/Podfile.lock\" \"${PODS_ROOT}/Manifest.lock\" > /dev/null\nif [ $? != 0 ] ; then\n    # print error to STDERR\n    echo \"error: The sandbox is not in sync with the Podfile.lock. Run 'pod install' or update your CocoaPods installation.\" >&2\n    exit 1\nfi\n";
			showEnvVarsInLog = 0;
		};
/* End PBXShellScriptBuildPhase section */

/* Begin PBXSourcesBuildPhase section */
		49BEF7A91F13211E00315863 /* Sources */ = {
			isa = PBXSourcesBuildPhase;
			buildActionMask = 2147483647;
			files = (
				49A54C5E1F14614A004ED630 /* LoginViewController.swift in Sources */,
				49BEF7B31F13211E00315863 /* ViewController.swift in Sources */,
				49BEF7B11F13211E00315863 /* AppDelegate.swift in Sources */,
			);
			runOnlyForDeploymentPostprocessing = 0;
		};
/* End PBXSourcesBuildPhase section */

/* Begin PBXVariantGroup section */
		49BEF7B41F13211E00315863 /* Main.storyboard */ = {
			isa = PBXVariantGroup;
			children = (
				49BEF7B51F13211E00315863 /* Base */,
			);
			name = Main.storyboard;
			sourceTree = "<group>";
		};
		49BEF7B91F13211E00315863 /* LaunchScreen.storyboard */ = {
			isa = PBXVariantGroup;
			children = (
				49BEF7BA1F13211E00315863 /* Base */,
			);
			name = LaunchScreen.storyboard;
			sourceTree = "<group>";
		};
/* End PBXVariantGroup section */

/* Begin XCBuildConfiguration section */
		49BEF7BD1F13211E00315863 /* Debug */ = {
			isa = XCBuildConfiguration;
			buildSettings = {
				ALWAYS_SEARCH_USER_PATHS = NO;
				CLANG_ANALYZER_NONNULL = YES;
				CLANG_ANALYZER_NUMBER_OBJECT_CONVERSION = YES_AGGRESSIVE;
				CLANG_CXX_LANGUAGE_STANDARD = "gnu++0x";
				CLANG_CXX_LIBRARY = "libc++";
				CLANG_ENABLE_MODULES = YES;
				CLANG_ENABLE_OBJC_ARC = YES;
				CLANG_WARN_BOOL_CONVERSION = YES;
				CLANG_WARN_CONSTANT_CONVERSION = YES;
				CLANG_WARN_DIRECT_OBJC_ISA_USAGE = YES_ERROR;
				CLANG_WARN_DOCUMENTATION_COMMENTS = YES;
				CLANG_WARN_EMPTY_BODY = YES;
				CLANG_WARN_ENUM_CONVERSION = YES;
				CLANG_WARN_INFINITE_RECURSION = YES;
				CLANG_WARN_INT_CONVERSION = YES;
				CLANG_WARN_OBJC_ROOT_CLASS = YES_ERROR;
				CLANG_WARN_SUSPICIOUS_MOVE = YES;
				CLANG_WARN_UNREACHABLE_CODE = YES;
				CLANG_WARN__DUPLICATE_METHOD_MATCH = YES;
				"CODE_SIGN_IDENTITY[sdk=iphoneos*]" = "iPhone Developer";
				COPY_PHASE_STRIP = NO;
				DEBUG_INFORMATION_FORMAT = dwarf;
				ENABLE_STRICT_OBJC_MSGSEND = YES;
				ENABLE_TESTABILITY = YES;
				GCC_C_LANGUAGE_STANDARD = gnu99;
				GCC_DYNAMIC_NO_PIC = NO;
				GCC_NO_COMMON_BLOCKS = YES;
				GCC_OPTIMIZATION_LEVEL = 0;
				GCC_PREPROCESSOR_DEFINITIONS = (
					"DEBUG=1",
					"$(inherited)",
				);
				GCC_WARN_64_TO_32_BIT_CONVERSION = YES;
				GCC_WARN_ABOUT_RETURN_TYPE = YES_ERROR;
				GCC_WARN_UNDECLARED_SELECTOR = YES;
				GCC_WARN_UNINITIALIZED_AUTOS = YES_AGGRESSIVE;
				GCC_WARN_UNUSED_FUNCTION = YES;
				GCC_WARN_UNUSED_VARIABLE = YES;
				IPHONEOS_DEPLOYMENT_TARGET = 10.3;
				MTL_ENABLE_DEBUG_INFO = YES;
				ONLY_ACTIVE_ARCH = YES;
				SDKROOT = iphoneos;
				SWIFT_ACTIVE_COMPILATION_CONDITIONS = DEBUG;
				SWIFT_OPTIMIZATION_LEVEL = "-Onone";
				TARGETED_DEVICE_FAMILY = "1,2";
			};
			name = Debug;
		};
		49BEF7BE1F13211E00315863 /* Release */ = {
			isa = XCBuildConfiguration;
			buildSettings = {
				ALWAYS_SEARCH_USER_PATHS = NO;
				CLANG_ANALYZER_NONNULL = YES;
				CLANG_ANALYZER_NUMBER_OBJECT_CONVERSION = YES_AGGRESSIVE;
				CLANG_CXX_LANGUAGE_STANDARD = "gnu++0x";
				CLANG_CXX_LIBRARY = "libc++";
				CLANG_ENABLE_MODULES = YES;
				CLANG_ENABLE_OBJC_ARC = YES;
				CLANG_WARN_BOOL_CONVERSION = YES;
				CLANG_WARN_CONSTANT_CONVERSION = YES;
				CLANG_WARN_DIRECT_OBJC_ISA_USAGE = YES_ERROR;
				CLANG_WARN_DOCUMENTATION_COMMENTS = YES;
				CLANG_WARN_EMPTY_BODY = YES;
				CLANG_WARN_ENUM_CONVERSION = YES;
				CLANG_WARN_INFINITE_RECURSION = YES;
				CLANG_WARN_INT_CONVERSION = YES;
				CLANG_WARN_OBJC_ROOT_CLASS = YES_ERROR;
				CLANG_WARN_SUSPICIOUS_MOVE = YES;
				CLANG_WARN_UNREACHABLE_CODE = YES;
				CLANG_WARN__DUPLICATE_METHOD_MATCH = YES;
				"CODE_SIGN_IDENTITY[sdk=iphoneos*]" = "iPhone Developer";
				COPY_PHASE_STRIP = NO;
				DEBUG_INFORMATION_FORMAT = "dwarf-with-dsym";
				ENABLE_NS_ASSERTIONS = NO;
				ENABLE_STRICT_OBJC_MSGSEND = YES;
				GCC_C_LANGUAGE_STANDARD = gnu99;
				GCC_NO_COMMON_BLOCKS = YES;
				GCC_WARN_64_TO_32_BIT_CONVERSION = YES;
				GCC_WARN_ABOUT_RETURN_TYPE = YES_ERROR;
				GCC_WARN_UNDECLARED_SELECTOR = YES;
				GCC_WARN_UNINITIALIZED_AUTOS = YES_AGGRESSIVE;
				GCC_WARN_UNUSED_FUNCTION = YES;
				GCC_WARN_UNUSED_VARIABLE = YES;
				IPHONEOS_DEPLOYMENT_TARGET = 10.3;
				MTL_ENABLE_DEBUG_INFO = NO;
				SDKROOT = iphoneos;
				SWIFT_OPTIMIZATION_LEVEL = "-Owholemodule";
				TARGETED_DEVICE_FAMILY = "1,2";
				VALIDATE_PRODUCT = YES;
			};
			name = Release;
		};
		49BEF7C01F13211E00315863 /* Debug */ = {
			isa = XCBuildConfiguration;
			baseConfigurationReference = 336BC3408140B9446E7234FC /* Pods-ParseProject.debug.xcconfig */;
			buildSettings = {
				ASSETCATALOG_COMPILER_APPICON_NAME = AppIcon;
				DEVELOPMENT_TEAM = 4DF9P7PV7J;
				INFOPLIST_FILE = ParseProject/Info.plist;
				LD_RUNPATH_SEARCH_PATHS = "$(inherited) @executable_path/Frameworks";
				PRODUCT_BUNDLE_IDENTIFIER = com.jzoldos.ParseProject;
				PRODUCT_NAME = "$(TARGET_NAME)";
				SWIFT_VERSION = 3.0;
			};
			name = Debug;
		};
		49BEF7C11F13211E00315863 /* Release */ = {
			isa = XCBuildConfiguration;
			baseConfigurationReference = 43B61FBECF96B7834F55C61D /* Pods-ParseProject.release.xcconfig */;
			buildSettings = {
				ASSETCATALOG_COMPILER_APPICON_NAME = AppIcon;
				DEVELOPMENT_TEAM = 4DF9P7PV7J;
				INFOPLIST_FILE = ParseProject/Info.plist;
				LD_RUNPATH_SEARCH_PATHS = "$(inherited) @executable_path/Frameworks";
				PRODUCT_BUNDLE_IDENTIFIER = com.jzoldos.ParseProject;
				PRODUCT_NAME = "$(TARGET_NAME)";
				SWIFT_VERSION = 3.0;
			};
			name = Release;
		};
/* End XCBuildConfiguration section */

/* Begin XCConfigurationList section */
		49BEF7A81F13211E00315863 /* Build configuration list for PBXProject "ParseProject" */ = {
			isa = XCConfigurationList;
			buildConfigurations = (
				49BEF7BD1F13211E00315863 /* Debug */,
				49BEF7BE1F13211E00315863 /* Release */,
			);
			defaultConfigurationIsVisible = 0;
			defaultConfigurationName = Release;
		};
		49BEF7BF1F13211E00315863 /* Build configuration list for PBXNativeTarget "ParseProject" */ = {
			isa = XCConfigurationList;
			buildConfigurations = (
				49BEF7C01F13211E00315863 /* Debug */,
				49BEF7C11F13211E00315863 /* Release */,
			);
			defaultConfigurationIsVisible = 0;
			defaultConfigurationName = Release;
		};
/* End XCConfigurationList section */
	};
	rootObject = 49BEF7A51F13211E00315863 /* Project object */;
}
